
Microsoft Visual Studio Solution File, Format Version 12.00
Project("{FAE04EC0-301F-11D3-BF4B-00C04F79EFBC}") = "Profile.Api", "src\Profile.Api\Profile.Api.csproj", "{184BE1FE-33E2-46A6-8FB9-F804C8D0A3C1}"
EndProject
Project("{FAE04EC0-301F-11D3-BF4B-00C04F79EFBC}") = "Profile.Api.Tests", "Profile.Api.Tests\Profile.Api.Tests.csproj", "{AEBB1D0C-DCAF-4703-8AF8-69AADF2C5FA6}"
EndProject
Global
	GlobalSection(SolutionConfigurationPlatforms) = preSolution
		Debug|Any CPU = Debug|Any CPU
		Release|Any CPU = Release|Any CPU
	EndGlobalSection
	GlobalSection(ProjectConfigurationPlatforms) = postSolution
		{184BE1FE-33E2-46A6-8FB9-F804C8D0A3C1}.Debug|Any CPU.ActiveCfg = Debug|Any CPU
		{184BE1FE-33E2-46A6-8FB9-F804C8D0A3C1}.Debug|Any CPU.Build.0 = Debug|Any CPU
		{184BE1FE-33E2-46A6-8FB9-F804C8D0A3C1}.Release|Any CPU.ActiveCfg = Release|Any CPU
		{184BE1FE-33E2-46A6-8FB9-F804C8D0A3C1}.Release|Any CPU.Build.0 = Release|Any CPU
		{AEBB1D0C-DCAF-4703-8AF8-69AADF2C5FA6}.Debug|Any CPU.ActiveCfg = Debug|Any CPU
		{AEBB1D0C-DCAF-4703-8AF8-69AADF2C5FA6}.Debug|Any CPU.Build.0 = Debug|Any CPU
		{AEBB1D0C-DCAF-4703-8AF8-69AADF2C5FA6}.Release|Any CPU.ActiveCfg = Release|Any CPU
		{AEBB1D0C-DCAF-4703-8AF8-69AADF2C5FA6}.Release|Any CPU.Build.0 = Release|Any CPU
	EndGlobalSection
EndGlobal
